
Microsoft Visual Studio Solution File, Format Version 12.00
# Visual Studio Version 17
VisualStudioVersion = 17.7.34018.315
MinimumVisualStudioVersion = 10.0.40219.1
Project("{2150E333-8FDC-42A3-9474-1A3956D46DE8}") = "src", "src", "{A8FB7F9F-E9A2-4010-A834-4333C01B5125}"
EndProject
Project("{2150E333-8FDC-42A3-9474-1A3956D46DE8}") = "tests", "tests", "{202A31CA-44C3-4EC3-8199-68DCDEEF6A35}"
EndProject
Project("{FAE04EC0-301F-11D3-BF4B-00C04F79EFBC}") = "TradeHubUI", "src\TradeHubUI\TradeHubUI.csproj", "{194F77A6-30D2-42B8-A8F9-12328EC25454}"
EndProject
Project("{FAE04EC0-301F-11D3-BF4B-00C04F79EFBC}") = "TradeHubBLL", "src\TradeHubBLL\TradeHubBLL.csproj", "{1773975C-A77B-4DDE-8717-0F8289843E0D}"
EndProject
Project("{FAE04EC0-301F-11D3-BF4B-00C04F79EFBC}") = "TradeHubDAL", "src\TradeHubDAL\TradeHubDAL.csproj", "{16BC1B2F-70FC-428E-BAFD-5A75F13A50F3}"
EndProject
Global
	GlobalSection(SolutionConfigurationPlatforms) = preSolution
		Debug|Any CPU = Debug|Any CPU
		Release|Any CPU = Release|Any CPU
	EndGlobalSection
	GlobalSection(ProjectConfigurationPlatforms) = postSolution
		{194F77A6-30D2-42B8-A8F9-12328EC25454}.Debug|Any CPU.ActiveCfg = Debug|Any CPU
		{194F77A6-30D2-42B8-A8F9-12328EC25454}.Debug|Any CPU.Build.0 = Debug|Any CPU
		{194F77A6-30D2-42B8-A8F9-12328EC25454}.Release|Any CPU.ActiveCfg = Release|Any CPU
		{194F77A6-30D2-42B8-A8F9-12328EC25454}.Release|Any CPU.Build.0 = Release|Any CPU
		{1773975C-A77B-4DDE-8717-0F8289843E0D}.Debug|Any CPU.ActiveCfg = Debug|Any CPU
		{1773975C-A77B-4DDE-8717-0F8289843E0D}.Debug|Any CPU.Build.0 = Debug|Any CPU
		{1773975C-A77B-4DDE-8717-0F8289843E0D}.Release|Any CPU.ActiveCfg = Release|Any CPU
		{1773975C-A77B-4DDE-8717-0F8289843E0D}.Release|Any CPU.Build.0 = Release|Any CPU
		{16BC1B2F-70FC-428E-BAFD-5A75F13A50F3}.Debug|Any CPU.ActiveCfg = Debug|Any CPU
		{16BC1B2F-70FC-428E-BAFD-5A75F13A50F3}.Debug|Any CPU.Build.0 = Debug|Any CPU
		{16BC1B2F-70FC-428E-BAFD-5A75F13A50F3}.Release|Any CPU.ActiveCfg = Release|Any CPU
		{16BC1B2F-70FC-428E-BAFD-5A75F13A50F3}.Release|Any CPU.Build.0 = Release|Any CPU
	EndGlobalSection
	GlobalSection(SolutionProperties) = preSolution
		HideSolutionNode = FALSE
	EndGlobalSection
	GlobalSection(NestedProjects) = preSolution
		{194F77A6-30D2-42B8-A8F9-12328EC25454} = {A8FB7F9F-E9A2-4010-A834-4333C01B5125}
		{1773975C-A77B-4DDE-8717-0F8289843E0D} = {A8FB7F9F-E9A2-4010-A834-4333C01B5125}
		{16BC1B2F-70FC-428E-BAFD-5A75F13A50F3} = {A8FB7F9F-E9A2-4010-A834-4333C01B5125}
	EndGlobalSection
	GlobalSection(ExtensibilityGlobals) = postSolution
		SolutionGuid = {BA7745DF-F71C-46ED-BF60-4336A4E1292E}
	EndGlobalSection
EndGlobal
